lockfileVersion: '9.0'

settings:
  autoInstallPeers: true
  excludeLinksFromLockfile: false

importers:

  .:
    dependencies:
      outscraper:
        specifier: ^2.0.4
        version: 2.0.4

packages:

  outscraper@2.0.4:
    resolution: {integrity: sha512-shlAFGa3wli2JWKEswM48iHXcm8tz0HAZ5c1grdjVgyhfcfinw1PE53VJokH99oiknDPXFmh8uMY4azFqsctAg==}

snapshots:

  outscraper@2.0.4: {}
